{
  "name": "flam_assignment",
  "version": "1.0.0",
  "lockfileVersion": 3,
  "requires": true,
  "packages": {
    "": {
      "name": "flam_assignment",
      "version": "1.0.0",
      "license": "ISC",
      "dependencies": {
        "commander": "^13.1.0",
        "commandor": "^0.1.3",
        "fs-ext": "^2.1.1"
      }
    },
    "node_modules/commander": {
      "version": "13.1.0",
      "resolved": "https://registry.npmjs.org/commander/-/commander-13.1.0.tgz",
      "integrity": "sha512-/rFeCpNJQbhSZjGVwO9RFV3xPqbnERS8MmIQzCtD/zl6gpJuV/bMLuN92oG3F7d8oDEHHRrujSXNUr8fpjntKw==",
      "license": "MIT",
      "engines": {
        "node": ">=18"
      }
    },
    "node_modules/commandor": {
      "version": "0.1.3",
      "resolved": "https://registry.npmjs.org/commandor/-/commandor-0.1.3.tgz",
      "integrity": "sha512-2grNQs9f8zdNNjD8sg1NqZ533ZeYKMD6mlM5P4ica7ED+waK2GYGYEIlG+dE3mldMVKVHteDHj9yxyUuzcHABg==",
      "license": "MIT",
      "engines": {
        "node": "*"
      }
    },
    "node_modules/fs-ext": {
      "version": "2.1.1",
      "resolved": "https://registry.npmjs.org/fs-ext/-/fs-ext-2.1.1.tgz",
      "integrity": "sha512-/TrISPOFhCkbgIRWK9lzscRzwPCu0PqtCcvMc9jsHKBgZGoqA0VzhspVht5Zu8lxaXjIYIBWILHpRotYkCCcQA==",
      "hasInstallScript": true,
      "dependencies": {
        "nan": "^2.21.0"
      },
      "engines": {
        "node": ">= 8.0.0"
      }
    },
    "node_modules/nan": {
      "version": "2.23.1",
      "resolved": "https://registry.npmjs.org/nan/-/nan-2.23.1.tgz",
      "integrity": "sha512-r7bBUGKzlqk8oPBDYxt6Z0aEdF1G1rwlMcLk8LCOMbOzf0mG+JUfUzG4fIMWwHWP0iyaLWEQZJmtB7nOHEm/qw==",
      "license": "MIT"
    }
  }
}
